
Microsoft Visual Studio Solution File, Format Version 11.00
# Visual Studio 2010
Project("{FAE04EC0-301F-11D3-BF4B-00C04F79EFBC}") = "AgnesBot.Server.Tests", "AgnesBot.Tests\AgnesBot.Server.Tests.csproj", "{8C79F147-D839-44C2-868F-44FE6849C2EE}"
EndProject
Project("{FAE04EC0-301F-11D3-BF4B-00C04F79EFBC}") = "AgnesBot.Core", "AgnesBot.Core\AgnesBot.Core.csproj", "{CE05A9C0-91A6-475A-A2F8-0137EB88EE30}"
EndProject
Project("{FAE04EC0-301F-11D3-BF4B-00C04F79EFBC}") = "AgnesBot.Modules.QuoteModule", "AgnesBot.Modules.CommentModule\AgnesBot.Modules.QuoteModule.csproj", "{22914356-0706-4E84-BB4D-C37AC51E3B41}"
EndProject
Project("{FAE04EC0-301F-11D3-BF4B-00C04F79EFBC}") = "AgnesBot.Server", "AgnesBot.Server\AgnesBot.Server.csproj", "{D820EA05-1167-49F8-A98D-99E2A57E0469}"
EndProject
Project("{FAE04EC0-301F-11D3-BF4B-00C04F79EFBC}") = "AgnesBot.Modules.QuoteModule.Tests", "AgnesBot.Modules.CommentModule.Tests\AgnesBot.Modules.QuoteModule.Tests.csproj", "{215AFE27-4EB4-40D1-A261-C8E0350697C6}"
EndProject
Project("{FAE04EC0-301F-11D3-BF4B-00C04F79EFBC}") = "AgnesBot.Modules.TinyUrlModule", "AgnesBot.Modules.TinyUrlModule\AgnesBot.Modules.TinyUrlModule.csproj", "{637F87D5-1934-4B18-923A-F8420D0EB648}"
EndProject
Project("{FAE04EC0-301F-11D3-BF4B-00C04F79EFBC}") = "AgnesBot.Modules.TinyUrlModule.Tests", "AgnesBot.Modules.TinyUrlModule.Tests\AgnesBot.Modules.TinyUrlModule.Tests.csproj", "{25F5D918-8A19-47FB-B470-DCBA0EE10E9E}"
EndProject
Project("{2150E333-8FDC-42A3-9474-1A3956D46DE8}") = "Modules", "Modules", "{3EE894D3-3394-43CE-B774-B6E9AF939A01}"
EndProject
Project("{FAE04EC0-301F-11D3-BF4B-00C04F79EFBC}") = "AgnesBot.Modules.UrlAggregatorModule", "AgnesBot.Modules.UrlAggregatorModule\AgnesBot.Modules.UrlAggregatorModule.csproj", "{EC36873E-9434-446E-835E-F12A9A3213E9}"
EndProject
Project("{FAE04EC0-301F-11D3-BF4B-00C04F79EFBC}") = "AgnesBot.Modules.UrlAggregatorModule.Tests", "AgnesBot.Modules.UrlAggregatorModule.Tests\AgnesBot.Modules.UrlAggregatorModule.Tests.csproj", "{163F20C8-7A96-4255-9B89-18B9968FA311}"
EndProject
Project("{FAE04EC0-301F-11D3-BF4B-00C04F79EFBC}") = "AgnesBot.Modules.DateModule", "AgnesBot.Modules.DateModule\AgnesBot.Modules.DateModule.csproj", "{2147B77A-5EC7-4827-A09C-E187248F9A40}"
EndProject
Project("{FAE04EC0-301F-11D3-BF4B-00C04F79EFBC}") = "AgnesBot.Modules.DateModule.Tests", "AgnesBot.Modules.DateModule.Tests\AgnesBot.Modules.DateModule.Tests.csproj", "{5509421E-8D40-4783-9898-076C95BE2B9A}"
EndProject
Global
	GlobalSection(SolutionConfigurationPlatforms) = preSolution
		Debug|Any CPU = Debug|Any CPU
		Release|Any CPU = Release|Any CPU
	EndGlobalSection
	GlobalSection(ProjectConfigurationPlatforms) = postSolution
		{8C79F147-D839-44C2-868F-44FE6849C2EE}.Debug|Any CPU.ActiveCfg = Debug|Any CPU
		{8C79F147-D839-44C2-868F-44FE6849C2EE}.Debug|Any CPU.Build.0 = Debug|Any CPU
		{8C79F147-D839-44C2-868F-44FE6849C2EE}.Release|Any CPU.ActiveCfg = Release|Any CPU
		{8C79F147-D839-44C2-868F-44FE6849C2EE}.Release|Any CPU.Build.0 = Release|Any CPU
		{CE05A9C0-91A6-475A-A2F8-0137EB88EE30}.Debug|Any CPU.ActiveCfg = Debug|Any CPU
		{CE05A9C0-91A6-475A-A2F8-0137EB88EE30}.Debug|Any CPU.Build.0 = Debug|Any CPU
		{CE05A9C0-91A6-475A-A2F8-0137EB88EE30}.Release|Any CPU.ActiveCfg = Release|Any CPU
		{CE05A9C0-91A6-475A-A2F8-0137EB88EE30}.Release|Any CPU.Build.0 = Release|Any CPU
		{22914356-0706-4E84-BB4D-C37AC51E3B41}.Debug|Any CPU.ActiveCfg = Debug|Any CPU
		{22914356-0706-4E84-BB4D-C37AC51E3B41}.Debug|Any CPU.Build.0 = Debug|Any CPU
		{22914356-0706-4E84-BB4D-C37AC51E3B41}.Release|Any CPU.ActiveCfg = Release|Any CPU
		{22914356-0706-4E84-BB4D-C37AC51E3B41}.Release|Any CPU.Build.0 = Release|Any CPU
		{D820EA05-1167-49F8-A98D-99E2A57E0469}.Debug|Any CPU.ActiveCfg = Debug|Any CPU
		{D820EA05-1167-49F8-A98D-99E2A57E0469}.Debug|Any CPU.Build.0 = Debug|Any CPU
		{D820EA05-1167-49F8-A98D-99E2A57E0469}.Release|Any CPU.ActiveCfg = Release|Any CPU
		{D820EA05-1167-49F8-A98D-99E2A57E0469}.Release|Any CPU.Build.0 = Release|Any CPU
		{215AFE27-4EB4-40D1-A261-C8E0350697C6}.Debug|Any CPU.ActiveCfg = Debug|Any CPU
		{215AFE27-4EB4-40D1-A261-C8E0350697C6}.Debug|Any CPU.Build.0 = Debug|Any CPU
		{215AFE27-4EB4-40D1-A261-C8E0350697C6}.Release|Any CPU.ActiveCfg = Release|Any CPU
		{215AFE27-4EB4-40D1-A261-C8E0350697C6}.Release|Any CPU.Build.0 = Release|Any CPU
		{637F87D5-1934-4B18-923A-F8420D0EB648}.Debug|Any CPU.ActiveCfg = Debug|Any CPU
		{637F87D5-1934-4B18-923A-F8420D0EB648}.Debug|Any CPU.Build.0 = Debug|Any CPU
		{637F87D5-1934-4B18-923A-F8420D0EB648}.Release|Any CPU.ActiveCfg = Release|Any CPU
		{637F87D5-1934-4B18-923A-F8420D0EB648}.Release|Any CPU.Build.0 = Release|Any CPU
		{25F5D918-8A19-47FB-B470-DCBA0EE10E9E}.Debug|Any CPU.ActiveCfg = Debug|Any CPU
		{25F5D918-8A19-47FB-B470-DCBA0EE10E9E}.Debug|Any CPU.Build.0 = Debug|Any CPU
		{25F5D918-8A19-47FB-B470-DCBA0EE10E9E}.Release|Any CPU.ActiveCfg = Release|Any CPU
		{25F5D918-8A19-47FB-B470-DCBA0EE10E9E}.Release|Any CPU.Build.0 = Release|Any CPU
		{EC36873E-9434-446E-835E-F12A9A3213E9}.Debug|Any CPU.ActiveCfg = Debug|Any CPU
		{EC36873E-9434-446E-835E-F12A9A3213E9}.Debug|Any CPU.Build.0 = Debug|Any CPU
		{EC36873E-9434-446E-835E-F12A9A3213E9}.Release|Any CPU.ActiveCfg = Release|Any CPU
		{EC36873E-9434-446E-835E-F12A9A3213E9}.Release|Any CPU.Build.0 = Release|Any CPU
		{163F20C8-7A96-4255-9B89-18B9968FA311}.Debug|Any CPU.ActiveCfg = Debug|Any CPU
		{163F20C8-7A96-4255-9B89-18B9968FA311}.Debug|Any CPU.Build.0 = Debug|Any CPU
		{163F20C8-7A96-4255-9B89-18B9968FA311}.Release|Any CPU.ActiveCfg = Release|Any CPU
		{163F20C8-7A96-4255-9B89-18B9968FA311}.Release|Any CPU.Build.0 = Release|Any CPU
		{2147B77A-5EC7-4827-A09C-E187248F9A40}.Debug|Any CPU.ActiveCfg = Debug|Any CPU
		{2147B77A-5EC7-4827-A09C-E187248F9A40}.Debug|Any CPU.Build.0 = Debug|Any CPU
		{2147B77A-5EC7-4827-A09C-E187248F9A40}.Release|Any CPU.ActiveCfg = Release|Any CPU
		{2147B77A-5EC7-4827-A09C-E187248F9A40}.Release|Any CPU.Build.0 = Release|Any CPU
		{5509421E-8D40-4783-9898-076C95BE2B9A}.Debug|Any CPU.ActiveCfg = Debug|Any CPU
		{5509421E-8D40-4783-9898-076C95BE2B9A}.Debug|Any CPU.Build.0 = Debug|Any CPU
		{5509421E-8D40-4783-9898-076C95BE2B9A}.Release|Any CPU.ActiveCfg = Release|Any CPU
		{5509421E-8D40-4783-9898-076C95BE2B9A}.Release|Any CPU.Build.0 = Release|Any CPU
	EndGlobalSection
	GlobalSection(SolutionProperties) = preSolution
		HideSolutionNode = FALSE
	EndGlobalSection
	GlobalSection(NestedProjects) = preSolution
		{215AFE27-4EB4-40D1-A261-C8E0350697C6} = {3EE894D3-3394-43CE-B774-B6E9AF939A01}
		{637F87D5-1934-4B18-923A-F8420D0EB648} = {3EE894D3-3394-43CE-B774-B6E9AF939A01}
		{25F5D918-8A19-47FB-B470-DCBA0EE10E9E} = {3EE894D3-3394-43CE-B774-B6E9AF939A01}
		{22914356-0706-4E84-BB4D-C37AC51E3B41} = {3EE894D3-3394-43CE-B774-B6E9AF939A01}
		{EC36873E-9434-446E-835E-F12A9A3213E9} = {3EE894D3-3394-43CE-B774-B6E9AF939A01}
		{163F20C8-7A96-4255-9B89-18B9968FA311} = {3EE894D3-3394-43CE-B774-B6E9AF939A01}
		{2147B77A-5EC7-4827-A09C-E187248F9A40} = {3EE894D3-3394-43CE-B774-B6E9AF939A01}
		{5509421E-8D40-4783-9898-076C95BE2B9A} = {3EE894D3-3394-43CE-B774-B6E9AF939A01}
	EndGlobalSection
EndGlobal
